
Microsoft Visual Studio Solution File, Format Version 12.00
# Visual Studio Version 17
VisualStudioVersion = 17.10.34928.147
MinimumVisualStudioVersion = 10.0.40219.1
Project("{8BC9CEB8-8B4A-11D0-8D11-00A0C91BC942}") = "LAB7", "LAB7\LAB7.vcxproj", "{283BF1AB-5649-47C8-9404-596A94DAE58E}"
EndProject
Project("{8BC9CEB8-8B4A-11D0-8D11-00A0C91BC942}") = "LAB7_2", "LAB7_2\LAB7_2.vcxproj", "{3BE5696C-FF11-4207-A096-8F3B1BDB1CD8}"
EndProject
Project("{8BC9CEB8-8B4A-11D0-8D11-00A0C91BC942}") = "LAB7_3", "LAB7_4\LAB7_4.vcxproj", "{F912FFA4-F48F-4686-B8C5-2EFFFA821F7E}"
EndProject
Project("{8BC9CEB8-8B4A-11D0-8D11-00A0C91BC942}") = "LAB7_4", "LAB7_3\LAB7_3.vcxproj", "{B6832BF8-97A2-4D27-8F6E-E17550223D1C}"
EndProject
Project("{8BC9CEB8-8B4A-11D0-8D11-00A0C91BC942}") = "LAB7_5", "LAB7_5\LAB7_5.vcxproj", "{1D062A04-7627-492C-BF14-FCAD75C32F3C}"
EndProject
Project("{8BC9CEB8-8B4A-11D0-8D11-00A0C91BC942}") = "LAB7_6", "LAB7_6\LAB7_6.vcxproj", "{7A414EAC-446D-466A-9224-56F8CBA6E9CE}"
EndProject
Global
	GlobalSection(SolutionConfigurationPlatforms) = preSolution
		Debug|x64 = Debug|x64
		Debug|x86 = Debug|x86
		Release|x64 = Release|x64
		Release|x86 = Release|x86
	EndGlobalSection
	GlobalSection(ProjectConfigurationPlatforms) = postSolution
		{283BF1AB-5649-47C8-9404-596A94DAE58E}.Debug|x64.ActiveCfg = Debug|x64
		{283BF1AB-5649-47C8-9404-596A94DAE58E}.Debug|x64.Build.0 = Debug|x64
		{283BF1AB-5649-47C8-9404-596A94DAE58E}.Debug|x86.ActiveCfg = Debug|Win32
		{283BF1AB-5649-47C8-9404-596A94DAE58E}.Debug|x86.Build.0 = Debug|Win32
		{283BF1AB-5649-47C8-9404-596A94DAE58E}.Release|x64.ActiveCfg = Release|x64
		{283BF1AB-5649-47C8-9404-596A94DAE58E}.Release|x64.Build.0 = Release|x64
		{283BF1AB-5649-47C8-9404-596A94DAE58E}.Release|x86.ActiveCfg = Release|Win32
		{283BF1AB-5649-47C8-9404-596A94DAE58E}.Release|x86.Build.0 = Release|Win32
		{3BE5696C-FF11-4207-A096-8F3B1BDB1CD8}.Debug|x64.ActiveCfg = Debug|x64
		{3BE5696C-FF11-4207-A096-8F3B1BDB1CD8}.Debug|x64.Build.0 = Debug|x64
		{3BE5696C-FF11-4207-A096-8F3B1BDB1CD8}.Debug|x86.ActiveCfg = Debug|Win32
		{3BE5696C-FF11-4207-A096-8F3B1BDB1CD8}.Debug|x86.Build.0 = Debug|Win32
		{3BE5696C-FF11-4207-A096-8F3B1BDB1CD8}.Release|x64.ActiveCfg = Release|x64
		{3BE5696C-FF11-4207-A096-8F3B1BDB1CD8}.Release|x64.Build.0 = Release|x64
		{3BE5696C-FF11-4207-A096-8F3B1BDB1CD8}.Release|x86.ActiveCfg = Release|Win32
		{3BE5696C-FF11-4207-A096-8F3B1BDB1CD8}.Release|x86.Build.0 = Release|Win32
		{F912FFA4-F48F-4686-B8C5-2EFFFA821F7E}.Debug|x64.ActiveCfg = Debug|x64
		{F912FFA4-F48F-4686-B8C5-2EFFFA821F7E}.Debug|x64.Build.0 = Debug|x64
		{F912FFA4-F48F-4686-B8C5-2EFFFA821F7E}.Debug|x86.ActiveCfg = Debug|Win32
		{F912FFA4-F48F-4686-B8C5-2EFFFA821F7E}.Debug|x86.Build.0 = Debug|Win32
		{F912FFA4-F48F-4686-B8C5-2EFFFA821F7E}.Release|x64.ActiveCfg = Release|x64
		{F912FFA4-F48F-4686-B8C5-2EFFFA821F7E}.Release|x64.Build.0 = Release|x64
		{F912FFA4-F48F-4686-B8C5-2EFFFA821F7E}.Release|x86.ActiveCfg = Release|Win32
		{F912FFA4-F48F-4686-B8C5-2EFFFA821F7E}.Release|x86.Build.0 = Release|Win32
		{B6832BF8-97A2-4D27-8F6E-E17550223D1C}.Debug|x64.ActiveCfg = Debug|x64
		{B6832BF8-97A2-4D27-8F6E-E17550223D1C}.Debug|x64.Build.0 = Debug|x64
		{B6832BF8-97A2-4D27-8F6E-E17550223D1C}.Debug|x86.ActiveCfg = Debug|Win32
		{B6832BF8-97A2-4D27-8F6E-E17550223D1C}.Debug|x86.Build.0 = Debug|Win32
		{B6832BF8-97A2-4D27-8F6E-E17550223D1C}.Release|x64.ActiveCfg = Release|x64
		{B6832BF8-97A2-4D27-8F6E-E17550223D1C}.Release|x64.Build.0 = Release|x64
		{B6832BF8-97A2-4D27-8F6E-E17550223D1C}.Release|x86.ActiveCfg = Release|Win32
		{B6832BF8-97A2-4D27-8F6E-E17550223D1C}.Release|x86.Build.0 = Release|Win32
		{1D062A04-7627-492C-BF14-FCAD75C32F3C}.Debug|x64.ActiveCfg = Debug|x64
		{1D062A04-7627-492C-BF14-FCAD75C32F3C}.Debug|x64.Build.0 = Debug|x64
		{1D062A04-7627-492C-BF14-FCAD75C32F3C}.Debug|x86.ActiveCfg = Debug|Win32
		{1D062A04-7627-492C-BF14-FCAD75C32F3C}.Debug|x86.Build.0 = Debug|Win32
		{1D062A04-7627-492C-BF14-FCAD75C32F3C}.Release|x64.ActiveCfg = Release|x64
		{1D062A04-7627-492C-BF14-FCAD75C32F3C}.Release|x64.Build.0 = Release|x64
		{1D062A04-7627-492C-BF14-FCAD75C32F3C}.Release|x86.ActiveCfg = Release|Win32
		{1D062A04-7627-492C-BF14-FCAD75C32F3C}.Release|x86.Build.0 = Release|Win32
		{7A414EAC-446D-466A-9224-56F8CBA6E9CE}.Debug|x64.ActiveCfg = Debug|x64
		{7A414EAC-446D-466A-9224-56F8CBA6E9CE}.Debug|x64.Build.0 = Debug|x64
		{7A414EAC-446D-466A-9224-56F8CBA6E9CE}.Debug|x86.ActiveCfg = Debug|Win32
		{7A414EAC-446D-466A-9224-56F8CBA6E9CE}.Debug|x86.Build.0 = Debug|Win32
		{7A414EAC-446D-466A-9224-56F8CBA6E9CE}.Release|x64.ActiveCfg = Release|x64
		{7A414EAC-446D-466A-9224-56F8CBA6E9CE}.Release|x64.Build.0 = Release|x64
		{7A414EAC-446D-466A-9224-56F8CBA6E9CE}.Release|x86.ActiveCfg = Release|Win32
		{7A414EAC-446D-466A-9224-56F8CBA6E9CE}.Release|x86.Build.0 = Release|Win32
	EndGlobalSection
	GlobalSection(SolutionProperties) = preSolution
		HideSolutionNode = FALSE
	EndGlobalSection
	GlobalSection(ExtensibilityGlobals) = postSolution
		SolutionGuid = {A30ED8E8-CBC2-494D-989D-B0DECDCB52E6}
	EndGlobalSection
EndGlobal
